
Microsoft Visual Studio Solution File, Format Version 11.00
# Visual Studio 2015
Project("{FAE04EC0-301F-11D3-BF4B-00C04F79EFBC}") = "MEDICAL", "MEDICAL\MEDICAL.csproj", "{7B097786-A43A-4416-8DFE-B1CAC1995765}"
EndProject
Global
	GlobalSection(SolutionConfigurationPlatforms) = preSolution
		Debug|Any CPU = Debug|Any CPU
		Release|Any CPU = Release|Any CPU
	EndGlobalSection
	GlobalSection(ProjectConfigurationPlatforms) = postSolution
		{7B097786-A43A-4416-8DFE-B1CAC1995765}.Debug|Any CPU.ActiveCfg = Debug|Any CPU
		{7B097786-A43A-4416-8DFE-B1CAC1995765}.Debug|Any CPU.Build.0 = Debug|Any CPU
		{7B097786-A43A-4416-8DFE-B1CAC1995765}.Release|Any CPU.ActiveCfg = Release|Any CPU
		{7B097786-A43A-4416-8DFE-B1CAC1995765}.Release|Any CPU.Build.0 = Release|Any CPU
	EndGlobalSection
	GlobalSection(SolutionProperties) = preSolution
		HideSolutionNode = FALSE
	EndGlobalSection
EndGlobal
